
Microsoft Visual Studio Solution File, Format Version 12.00
# Visual Studio Version 17
VisualStudioVersion = 17.13.35825.156
MinimumVisualStudioVersion = 10.0.40219.1
Project("{FAE04EC0-301F-11D3-BF4B-00C04F79EFBC}") = "CleanRobust.Domain", "CleanRobust.Domain\CleanRobust.Domain.csproj", "{9859AEB0-AF6D-4D53-8D05-D6A4621A682E}"
EndProject
Project("{FAE04EC0-301F-11D3-BF4B-00C04F79EFBC}") = "CleanRobust.Application", "CleanRobust.Application\CleanRobust.Application.csproj", "{5E501D0B-BFD3-44F7-8519-8F7461FCB11C}"
EndProject
Project("{FAE04EC0-301F-11D3-BF4B-00C04F79EFBC}") = "CleanRobust.Infrastructure", "CleanRobust.Infrastructure\CleanRobust.Infrastructure.csproj", "{8DFEEF1C-2FCB-4735-B164-479C17CEC675}"
EndProject
Project("{FAE04EC0-301F-11D3-BF4B-00C04F79EFBC}") = "CleanRobust.API", "CleanRobust.API\CleanRobust.API.csproj", "{83469D97-A509-4B13-BA19-7E4E9059FA0D}"
EndProject
Project("{E53339B2-1760-4266-BCC7-CA923CBCF16C}") = "docker-compose", "docker-compose.dcproj", "{81DDED9D-158B-E303-5F62-77A2896D2A5A}"
EndProject
Project("{2150E333-8FDC-42A3-9474-1A3956D46DE8}") = "Tests", "Tests", "{02EA681E-C7D8-13C7-8484-4AC65E1B71E8}"
EndProject
Project("{FAE04EC0-301F-11D3-BF4B-00C04F79EFBC}") = "CleanRobust.Domain.UnitTests", "CleanRobust.Domain.UnitTests\CleanRobust.Domain.UnitTests.csproj", "{B9A955D0-A159-4826-A560-CCD2C6728CB9}"
EndProject
Project("{FAE04EC0-301F-11D3-BF4B-00C04F79EFBC}") = "CleanRobust.Application.UnitTests", "CleanRobust.Application.UnitTests\CleanRobust.Application.UnitTests.csproj", "{70953F31-2DD1-466B-8CE0-3A4CF70F67B8}"
EndProject
Project("{FAE04EC0-301F-11D3-BF4B-00C04F79EFBC}") = "CleanRobust.API.IntegrationTests", "CleanRobust.API.IntegrationTests\CleanRobust.API.IntegrationTests.csproj", "{CF98F972-CCB3-4ABF-AED1-A8E02E2D2F1D}"
EndProject
Global
	GlobalSection(SolutionConfigurationPlatforms) = preSolution
		Debug|Any CPU = Debug|Any CPU
		Release|Any CPU = Release|Any CPU
	EndGlobalSection
	GlobalSection(ProjectConfigurationPlatforms) = postSolution
		{9859AEB0-AF6D-4D53-8D05-D6A4621A682E}.Debug|Any CPU.ActiveCfg = Debug|Any CPU
		{9859AEB0-AF6D-4D53-8D05-D6A4621A682E}.Debug|Any CPU.Build.0 = Debug|Any CPU
		{9859AEB0-AF6D-4D53-8D05-D6A4621A682E}.Release|Any CPU.ActiveCfg = Release|Any CPU
		{9859AEB0-AF6D-4D53-8D05-D6A4621A682E}.Release|Any CPU.Build.0 = Release|Any CPU
		{5E501D0B-BFD3-44F7-8519-8F7461FCB11C}.Debug|Any CPU.ActiveCfg = Debug|Any CPU
		{5E501D0B-BFD3-44F7-8519-8F7461FCB11C}.Debug|Any CPU.Build.0 = Debug|Any CPU
		{5E501D0B-BFD3-44F7-8519-8F7461FCB11C}.Release|Any CPU.ActiveCfg = Release|Any CPU
		{5E501D0B-BFD3-44F7-8519-8F7461FCB11C}.Release|Any CPU.Build.0 = Release|Any CPU
		{8DFEEF1C-2FCB-4735-B164-479C17CEC675}.Debug|Any CPU.ActiveCfg = Debug|Any CPU
		{8DFEEF1C-2FCB-4735-B164-479C17CEC675}.Debug|Any CPU.Build.0 = Debug|Any CPU
		{8DFEEF1C-2FCB-4735-B164-479C17CEC675}.Release|Any CPU.ActiveCfg = Release|Any CPU
		{8DFEEF1C-2FCB-4735-B164-479C17CEC675}.Release|Any CPU.Build.0 = Release|Any CPU
		{83469D97-A509-4B13-BA19-7E4E9059FA0D}.Debug|Any CPU.ActiveCfg = Debug|Any CPU
		{83469D97-A509-4B13-BA19-7E4E9059FA0D}.Debug|Any CPU.Build.0 = Debug|Any CPU
		{83469D97-A509-4B13-BA19-7E4E9059FA0D}.Release|Any CPU.ActiveCfg = Release|Any CPU
		{83469D97-A509-4B13-BA19-7E4E9059FA0D}.Release|Any CPU.Build.0 = Release|Any CPU
		{81DDED9D-158B-E303-5F62-77A2896D2A5A}.Debug|Any CPU.ActiveCfg = Debug|Any CPU
		{81DDED9D-158B-E303-5F62-77A2896D2A5A}.Debug|Any CPU.Build.0 = Debug|Any CPU
		{81DDED9D-158B-E303-5F62-77A2896D2A5A}.Release|Any CPU.ActiveCfg = Release|Any CPU
		{81DDED9D-158B-E303-5F62-77A2896D2A5A}.Release|Any CPU.Build.0 = Release|Any CPU
		{B9A955D0-A159-4826-A560-CCD2C6728CB9}.Debug|Any CPU.ActiveCfg = Debug|Any CPU
		{B9A955D0-A159-4826-A560-CCD2C6728CB9}.Debug|Any CPU.Build.0 = Debug|Any CPU
		{B9A955D0-A159-4826-A560-CCD2C6728CB9}.Release|Any CPU.ActiveCfg = Release|Any CPU
		{B9A955D0-A159-4826-A560-CCD2C6728CB9}.Release|Any CPU.Build.0 = Release|Any CPU
		{70953F31-2DD1-466B-8CE0-3A4CF70F67B8}.Debug|Any CPU.ActiveCfg = Debug|Any CPU
		{70953F31-2DD1-466B-8CE0-3A4CF70F67B8}.Debug|Any CPU.Build.0 = Debug|Any CPU
		{70953F31-2DD1-466B-8CE0-3A4CF70F67B8}.Release|Any CPU.ActiveCfg = Release|Any CPU
		{70953F31-2DD1-466B-8CE0-3A4CF70F67B8}.Release|Any CPU.Build.0 = Release|Any CPU
		{CF98F972-CCB3-4ABF-AED1-A8E02E2D2F1D}.Debug|Any CPU.ActiveCfg = Debug|Any CPU
		{CF98F972-CCB3-4ABF-AED1-A8E02E2D2F1D}.Debug|Any CPU.Build.0 = Debug|Any CPU
		{CF98F972-CCB3-4ABF-AED1-A8E02E2D2F1D}.Release|Any CPU.ActiveCfg = Release|Any CPU
		{CF98F972-CCB3-4ABF-AED1-A8E02E2D2F1D}.Release|Any CPU.Build.0 = Release|Any CPU
	EndGlobalSection
	GlobalSection(SolutionProperties) = preSolution
		HideSolutionNode = FALSE
	EndGlobalSection
	GlobalSection(NestedProjects) = preSolution
		{B9A955D0-A159-4826-A560-CCD2C6728CB9} = {02EA681E-C7D8-13C7-8484-4AC65E1B71E8}
		{70953F31-2DD1-466B-8CE0-3A4CF70F67B8} = {02EA681E-C7D8-13C7-8484-4AC65E1B71E8}
		{CF98F972-CCB3-4ABF-AED1-A8E02E2D2F1D} = {02EA681E-C7D8-13C7-8484-4AC65E1B71E8}
	EndGlobalSection
	GlobalSection(ExtensibilityGlobals) = postSolution
		SolutionGuid = {7DB398B2-131E-44C6-ACE5-4D4C70240A38}
	EndGlobalSection
EndGlobal
